Microsoft Visual Studio Solution File, Format Version 12.00
# Visual Studio Version 17
VisualStudioVersion = 17.5.2.0
MinimumVisualStudioVersion = 10.0.40219.1
Project("{FAE04EC0-301F-11D3-BF4B-00C04F79EFBC}") = "MyWindowApp", "MyWindowApp.csproj", "{A290B5D4-7557-40E6-8245-215C6C059121}"
EndProject
Global
	GlobalSection(SolutionConfigurationPlatforms) = preSolution
		Debug|Any CPU = Debug|Any CPU
		Release|Any CPU = Release|Any CPU
	EndGlobalSection
	GlobalSection(ProjectConfigurationPlatforms) = postSolution
		{A290B5D4-7557-40E6-8245-215C6C059121}.Debug|Any CPU.ActiveCfg = Debug|Any CPU
		{A290B5D4-7557-40E6-8245-215C6C059121}.Debug|Any CPU.Build.0 = Debug|Any CPU
		{A290B5D4-7557-40E6-8245-215C6C059121}.Release|Any CPU.ActiveCfg = Release|Any CPU
		{A290B5D4-7557-40E6-8245-215C6C059121}.Release|Any CPU.Build.0 = Release|Any CPU
	EndGlobalSection
	GlobalSection(SolutionProperties) = preSolution
		HideSolutionNode = FALSE
	EndGlobalSection
	GlobalSection(ExtensibilityGlobals) = postSolution
		SolutionGuid = {AF4AA03E-75E2-451E-95D1-529AF0E62073}
	EndGlobalSection
EndGlobal
